
Microsoft Visual Studio Solution File, Format Version 12.00
# Visual Studio Version 17
VisualStudioVersion = 17.13.35806.99 d17.13
MinimumVisualStudioVersion = 10.0.40219.1
Project("{FAE04EC0-301F-11D3-BF4B-00C04F79EFBC}") = "h1", "h1\h1.csproj", "{03EC405B-975B-4D29-930D-0ACF7C077319}"
EndProject
Global
	GlobalSection(SolutionConfigurationPlatforms) = preSolution
		Debug|Any CPU = Debug|Any CPU
		Release|Any CPU = Release|Any CPU
	EndGlobalSection
	GlobalSection(ProjectConfigurationPlatforms) = postSolution
		{03EC405B-975B-4D29-930D-0ACF7C077319}.Debug|Any CPU.ActiveCfg = Debug|Any CPU
		{03EC405B-975B-4D29-930D-0ACF7C077319}.Debug|Any CPU.Build.0 = Debug|Any CPU
		{03EC405B-975B-4D29-930D-0ACF7C077319}.Release|Any CPU.ActiveCfg = Release|Any CPU
		{03EC405B-975B-4D29-930D-0ACF7C077319}.Release|Any CPU.Build.0 = Release|Any CPU
	EndGlobalSection
	GlobalSection(SolutionProperties) = preSolution
		HideSolutionNode = FALSE
	EndGlobalSection
	GlobalSection(ExtensibilityGlobals) = postSolution
		SolutionGuid = {C3E57CF1-636B-4638-9E32-CD7E77B1A536}
	EndGlobalSection
EndGlobal
